
Microsoft Visual Studio Solution File, Format Version 12.00
# Visual Studio Version 17
VisualStudioVersion = 17.12.35527.113 d17.12
MinimumVisualStudioVersion = 10.0.40219.1
Project("{FAE04EC0-301F-11D3-BF4B-00C04F79EFBC}") = "todo-back-agiles", "todo-back-agiles\todo-back-agiles.csproj", "{32D568AE-853C-47C5-8180-09D3802DF094}"
EndProject
Global
	GlobalSection(SolutionConfigurationPlatforms) = preSolution
		Debug|Any CPU = Debug|Any CPU
		Release|Any CPU = Release|Any CPU
	EndGlobalSection
	GlobalSection(ProjectConfigurationPlatforms) = postSolution
		{32D568AE-853C-47C5-8180-09D3802DF094}.Debug|Any CPU.ActiveCfg = Debug|Any CPU
		{32D568AE-853C-47C5-8180-09D3802DF094}.Debug|Any CPU.Build.0 = Debug|Any CPU
		{32D568AE-853C-47C5-8180-09D3802DF094}.Release|Any CPU.ActiveCfg = Release|Any CPU
		{32D568AE-853C-47C5-8180-09D3802DF094}.Release|Any CPU.Build.0 = Release|Any CPU
	EndGlobalSection
	GlobalSection(SolutionProperties) = preSolution
		HideSolutionNode = FALSE
	EndGlobalSection
EndGlobal
